PODS:
  - Logoji (0.1.0)
  - Nimble (7.0.3)
  - Quick (1.2.0)

DEPENDENCIES:
  - Logoji (from `../`)
  - Nimble (~> 7.0.2)
  - Quick (~> 1.2.0)

SPEC REPOS:
  https://github.com/CocoaPods/Specs.git:
    - Nimble
    - Quick

EXTERNAL SOURCES:
  Logoji:
    :path: "../"

SPEC CHECKSUMS:
  Logoji: cedb4eb587a883423ba8f73e4159e1e49b7ab24d
  Nimble: 7f5a9c447a33002645a071bddafbfb24ea70e0ac
  Quick: 58d203b1c5e27fff7229c4c1ae445ad7069a7a08

PODFILE CHECKSUM: 827832e8505eddd72c42d9bceb197f66d9db69bd

COCOAPODS: 1.5.0.beta.1
