PODS:
  - Logoji (0.1.0)
  - Nimble (7.0.3)
  - Quick (1.2.0)

DEPENDENCIES:
  - Logoji (from `../`)
  - Nimble (~> 7.0.2)
  - Quick (~> 1.2.0)

SPEC REPOS:
  https://github.com/CocoaPods/Specs.git:
    - Nimble
    - Quick

EXTERNAL SOURCES:
  Logoji:
    :path: "../"

SPEC CHECKSUMS:
  Logoji: 76b71f3f6f2b966b4b2f4ae1369ff90d28bff319
  Nimble: 7f5a9c447a33002645a071bddafbfb24ea70e0ac
  Quick: 58d203b1c5e27fff7229c4c1ae445ad7069a7a08

PODFILE CHECKSUM: e20d55e90e5b87e84716229665516d79b195790b

COCOAPODS: 1.5.0.beta.1
